
Microsoft Visual Studio Solution File, Format Version 12.00
# Visual Studio 15
VisualStudioVersion = 15.0.28307.136
MinimumVisualStudioVersion = 10.0.40219.1
Project("{FAE04EC0-301F-11D3-BF4B-00C04F79EFBC}") = "Gui", "Gui\Gui.csproj", "{A0ADC247-C004-49A1-9A96-401EB67F55C2}"
EndProject
Project("{FAE04EC0-301F-11D3-BF4B-00C04F79EFBC}") = "Logic", "Logic\Logic.csproj", "{AA0C1B65-0251-4946-B851-14DEDB123058}"
EndProject
Project("{FAE04EC0-301F-11D3-BF4B-00C04F79EFBC}") = "Tests", "Tests\Tests.csproj", "{7F9049FE-1C80-488F-A9AD-32F827AB6C02}"
EndProject
Project("{FAE04EC0-301F-11D3-BF4B-00C04F79EFBC}") = "ImageProcessing", "ImageProcessing\ImageProcessing.csproj", "{1354CE06-7038-423B-BD9F-CE1BD2CAE43A}"
EndProject
Global
	GlobalSection(SolutionConfigurationPlatforms) = preSolution
		Debug|Any CPU = Debug|Any CPU
		Release|Any CPU = Release|Any CPU
	EndGlobalSection
	GlobalSection(ProjectConfigurationPlatforms) = postSolution
		{A0ADC247-C004-49A1-9A96-401EB67F55C2}.Debug|Any CPU.ActiveCfg = Debug|Any CPU
		{A0ADC247-C004-49A1-9A96-401EB67F55C2}.Debug|Any CPU.Build.0 = Debug|Any CPU
		{A0ADC247-C004-49A1-9A96-401EB67F55C2}.Release|Any CPU.ActiveCfg = Release|Any CPU
		{A0ADC247-C004-49A1-9A96-401EB67F55C2}.Release|Any CPU.Build.0 = Release|Any CPU
		{AA0C1B65-0251-4946-B851-14DEDB123058}.Debug|Any CPU.ActiveCfg = Debug|Any CPU
		{AA0C1B65-0251-4946-B851-14DEDB123058}.Debug|Any CPU.Build.0 = Debug|Any CPU
		{AA0C1B65-0251-4946-B851-14DEDB123058}.Release|Any CPU.ActiveCfg = Release|Any CPU
		{AA0C1B65-0251-4946-B851-14DEDB123058}.Release|Any CPU.Build.0 = Release|Any CPU
		{7F9049FE-1C80-488F-A9AD-32F827AB6C02}.Debug|Any CPU.ActiveCfg = Debug|Any CPU
		{7F9049FE-1C80-488F-A9AD-32F827AB6C02}.Debug|Any CPU.Build.0 = Debug|Any CPU
		{7F9049FE-1C80-488F-A9AD-32F827AB6C02}.Release|Any CPU.ActiveCfg = Release|Any CPU
		{7F9049FE-1C80-488F-A9AD-32F827AB6C02}.Release|Any CPU.Build.0 = Release|Any CPU
		{1354CE06-7038-423B-BD9F-CE1BD2CAE43A}.Debug|Any CPU.ActiveCfg = Debug|Any CPU
		{1354CE06-7038-423B-BD9F-CE1BD2CAE43A}.Debug|Any CPU.Build.0 = Debug|Any CPU
		{1354CE06-7038-423B-BD9F-CE1BD2CAE43A}.Release|Any CPU.ActiveCfg = Release|Any CPU
		{1354CE06-7038-423B-BD9F-CE1BD2CAE43A}.Release|Any CPU.Build.0 = Release|Any CPU
	EndGlobalSection
	GlobalSection(SolutionProperties) = preSolution
		HideSolutionNode = FALSE
	EndGlobalSection
	GlobalSection(ExtensibilityGlobals) = postSolution
		SolutionGuid = {24DF87DC-7B09-4186-B045-A2A9FDC9A190}
	EndGlobalSection
EndGlobal
